{
    "name": "labkeymodules",
    "version": "0.1.0",
    "lockfileVersion": 1,
    "requires": true,
    "dependencies": {
        "@fortawesome/fontawesome-common-types": {
            "version": "0.2.34",
            "resolved": "https://registry.npmjs.org/@fortawesome/fontawesome-common-types/-/fontawesome-common-types-0.2.34.tgz",
            "integrity": "sha512-XcIn3iYbTEzGIxD0/dY5+4f019jIcEIWBiHc3KrmK/ROahwxmZ/s+tdj97p/5K0klz4zZUiMfUlYP0ajhSJjmA=="
        },
        "@fortawesome/fontawesome-free": {
            "version": "5.15.2",
            "resolved": "https://registry.npmjs.org/@fortawesome/fontawesome-free/-/fontawesome-free-5.15.2.tgz",
            "integrity": "sha512-7l/AX41m609L/EXI9EKH3Vs3v0iA8tKlIOGtw+kgcoanI7p+e4I4GYLqW3UXWiTnjSFymKSmTTPKYrivzbxxqA=="
        },
        "@fortawesome/fontawesome-svg-core": {
            "version": "1.2.34",
            "resolved": "https://registry.npmjs.org/@fortawesome/fontawesome-svg-core/-/fontawesome-svg-core-1.2.34.tgz",
            "integrity": "sha512-0KNN0nc5eIzaJxlv43QcDmTkDY1CqeN6J7OCGSs+fwGPdtv0yOQqRjieopBCmw+yd7uD3N2HeNL3Zm5isDleLg==",
            "requires": {
                "@fortawesome/fontawesome-common-types": "^0.2.34"
            }
        },
        "@fortawesome/free-regular-svg-icons": {
            "version": "5.15.2",
            "resolved": "https://registry.npmjs.org/@fortawesome/free-regular-svg-icons/-/free-regular-svg-icons-5.15.2.tgz",
            "integrity": "sha512-Uv5NQCYjyisNVTu/1Xjs+z8vwQjbfT6hiqYvQNfF0n8qdgfWLM581bAfVMQ3BCs1SPy+eEUKNcGkK4n0FihFHg==",
            "requires": {
                "@fortawesome/fontawesome-common-types": "^0.2.34"
            }
        },
        "@fortawesome/free-solid-svg-icons": {
            "version": "5.15.2",
            "resolved": "https://registry.npmjs.org/@fortawesome/free-solid-svg-icons/-/free-solid-svg-icons-5.15.2.tgz",
            "integrity": "sha512-ZfCU+QjaFsdNZmOGmfqEWhzI3JOe37x5dF4kz9GeXvKn/sTxhqMtZ7mh3lBf76SvcYY5/GKFuyG7p1r4iWMQqw==",
            "requires": {
                "@fortawesome/fontawesome-common-types": "^0.2.34"
            }
        },
        "@fortawesome/react-fontawesome": {
            "version": "0.1.14",
            "resolved": "https://registry.npmjs.org/@fortawesome/react-fontawesome/-/react-fontawesome-0.1.14.tgz",
            "integrity": "sha512-4wqNb0gRLVaBm/h+lGe8UfPPivcbuJ6ecI4hIgW0LjI7kzpYB9FkN0L9apbVzg+lsBdcTf0AlBtODjcSX5mmKA==",
            "requires": {
                "prop-types": "^15.7.2"
            }
        },
        "@immunespace/components": {
            "version": "0.1.4-fb-cleanup-components.2",
            "resolved": "https://registry.npmjs.org/@immunespace/components/-/components-0.1.4-fb-cleanup-components.2.tgz",
            "integrity": "sha512-KfA2DUV5lUw9HIRqw0a/4rnKNXDsLhOks3hZNBiafSF8vQrvOXRLRjStPfNW15OvaQytr/1l8sq2IAjH/JOUIQ==",
            "requires": {
                "@fortawesome/fontawesome-free": "5.15.2",
                "@fortawesome/fontawesome-svg-core": "1.2.34",
                "@fortawesome/free-regular-svg-icons": "5.15.2",
                "@fortawesome/free-solid-svg-icons": "5.15.2",
                "@fortawesome/react-fontawesome": "0.1.14",
                "@labkey/api": "1.1.7"
            },
            "dependencies": {
                "@labkey/api": {
                    "version": "1.1.7",
                    "resolved": "https://artifactory.labkey.com/artifactory/api/npm/libs-client/@labkey/api/-/@labkey/api-1.1.7.tgz",
                    "integrity": "sha1-8dyBLnQMTx+oBClRqtQVuahr97k="
                }
            }
        },
        "@immunespace/theme": {
            "version": "0.1.2",
            "resolved": "https://registry.npmjs.org/@immunespace/theme/-/theme-0.1.2.tgz",
            "integrity": "sha512-cySsIdZ0f/oNOCsfnCEAo48YG+0iLeVw1Z2N5eli8LP7o4OHUGg3bsiXhUDY9lOI0w7scq71UZNoND06+YMYQg=="
        },
        "@labkey/api": {
            "version": "0.2.3",
            "resolved": "https://artifactory.labkey.com/artifactory/api/npm/libs-client/@labkey/api/-/@labkey/api-0.2.3.tgz",
            "integrity": "sha1-KJ7hmmDAn4ZOrTrG3TNAhotNhBQ="
        },
        "immutable": {
            "version": "3.8.2",
            "resolved": "https://registry.npmjs.org/immutable/-/immutable-3.8.2.tgz",
            "integrity": "sha1-wkOZUUVbs5kT2vKBN28VMOEErfM="
        },
        "js-tokens": {
            "version": "4.0.0",
            "resolved": "https://registry.npmjs.org/js-tokens/-/js-tokens-4.0.0.tgz",
            "integrity": "sha512-RdJUflcE3cUzKiMqQgsCu06FPu9UdIJO0beYbPhHN4k6apgJtifcoCtT9bcxOpYBtpD2kCM6Sbzg4CausW/PKQ=="
        },
        "loose-envify": {
            "version": "1.4.0",
            "resolved": "https://registry.npmjs.org/loose-envify/-/loose-envify-1.4.0.tgz",
            "integrity": "sha512-lyuxPGr/Wfhrlem2CL/UcnUc1zcqKAImBDzukY7Y5F/yQiNdko6+fRLevlw1HgMySw7f611UIY408EtxRSoK3Q==",
            "requires": {
                "js-tokens": "^3.0.0 || ^4.0.0"
            }
        },
        "object-assign": {
            "version": "4.1.1",
            "resolved": "https://registry.npmjs.org/object-assign/-/object-assign-4.1.1.tgz",
            "integrity": "sha1-IQmtx5ZYh8/AXLvUQsrIv7s2CGM="
        },
        "prop-types": {
            "version": "15.7.2",
            "resolved": "https://registry.npmjs.org/prop-types/-/prop-types-15.7.2.tgz",
            "integrity": "sha512-8QQikdH7//R2vurIJSutZ1smHYTcLpRWEOlHnzcWHmBYrOGUysKwSsrC89BCiFj3CbrfJ/nXFdJepOVrY1GCHQ==",
            "requires": {
                "loose-envify": "^1.4.0",
                "object-assign": "^4.1.1",
                "react-is": "^16.8.1"
            }
        },
        "react": {
            "version": "16.8.6",
            "resolved": "https://registry.npmjs.org/react/-/react-16.8.6.tgz",
            "integrity": "sha512-pC0uMkhLaHm11ZSJULfOBqV4tIZkx87ZLvbbQYunNixAAvjnC+snJCg0XQXn9VIsttVsbZP/H/ewzgsd5fxKXw==",
            "requires": {
                "loose-envify": "^1.1.0",
                "object-assign": "^4.1.1",
                "prop-types": "^15.6.2",
                "scheduler": "^0.13.6"
            }
        },
        "react-dom": {
            "version": "16.8.6",
            "resolved": "https://registry.npmjs.org/react-dom/-/react-dom-16.8.6.tgz",
            "integrity": "sha512-1nL7PIq9LTL3fthPqwkvr2zY7phIPjYrT0jp4HjyEQrEROnw4dG41VVwi/wfoCneoleqrNX7iAD+pXebJZwrwA==",
            "requires": {
                "loose-envify": "^1.1.0",
                "object-assign": "^4.1.1",
                "prop-types": "^15.6.2",
                "scheduler": "^0.13.6"
            }
        },
        "react-is": {
            "version": "16.13.1",
            "resolved": "https://registry.npmjs.org/react-is/-/react-is-16.13.1.tgz",
            "integrity": "sha512-24e6ynE2H+OKt4kqsOvNd8kBpV65zoxbA4BVsEOB3ARVWQki/DHzaUoC5KuON/BiccDaCCTZBuOcfZs70kR8bQ=="
        },
        "scheduler": {
            "version": "0.13.6",
            "resolved": "https://registry.npmjs.org/scheduler/-/scheduler-0.13.6.tgz",
            "integrity": "sha512-IWnObHt413ucAYKsD9J1QShUKkbKLQQHdxRyw73sw4FN26iWr3DY/H34xGPe4nmL1DwXyWmSWmMrA9TfQbE/XQ==",
            "requires": {
                "loose-envify": "^1.1.0",
                "object-assign": "^4.1.1"
            }
        }
    }
}
